{
  "name": "Final_test",
  "lockfileVersion": 2,
  "requires": true,
  "packages": {
    "": {
      "dependencies": {
        "@blueberry_muffins/ordinal_suffix": "^1.0.0"
      }
    },
    "node_modules/@blueberry_muffins/ordinal_suffix": {
      "version": "1.0.0",
      "resolved": "https://registry.npmjs.org/@blueberry_muffins/ordinal_suffix/-/ordinal_suffix-1.0.0.tgz",
      "integrity": "sha512-PHxhymlDKQlH01v/rCZjtmfqA/BPKxmHGrDpoiD7pWNNnf1Ss7Jp7BTpE91N8FzDH0yRwQBAqjGD0nchhtAWYQ=="
    }
  },
  "dependencies": {
    "@blueberry_muffins/ordinal_suffix": {
      "version": "1.0.0",
      "resolved": "https://registry.npmjs.org/@blueberry_muffins/ordinal_suffix/-/ordinal_suffix-1.0.0.tgz",
      "integrity": "sha512-PHxhymlDKQlH01v/rCZjtmfqA/BPKxmHGrDpoiD7pWNNnf1Ss7Jp7BTpE91N8FzDH0yRwQBAqjGD0nchhtAWYQ=="
    }
  }
}
